
Microsoft Visual Studio Solution File, Format Version 12.00
# Visual Studio 2012
Project("{FAE04EC0-301F-11D3-BF4B-00C04F79EFBC}") = "Cap14StandarQueryOperator", "Cap14StandarQueryOperator\Cap14StandarQueryOperator.csproj", "{7B897FEF-EF78-413B-80DF-2A3E5F2F1399}"
EndProject
Project("{FAE04EC0-301F-11D3-BF4B-00C04F79EFBC}") = "Cap14StandarQueryOperatorTest", "Cap14StandarQueryOperatorTest\Cap14StandarQueryOperatorTest.csproj", "{8A330108-847C-442E-BB3F-D433894F391A}"
EndProject
Global
	GlobalSection(SolutionConfigurationPlatforms) = preSolution
		Debug|Any CPU = Debug|Any CPU
		Release|Any CPU = Release|Any CPU
	EndGlobalSection
	GlobalSection(ProjectConfigurationPlatforms) = postSolution
		{7B897FEF-EF78-413B-80DF-2A3E5F2F1399}.Debug|Any CPU.ActiveCfg = Debug|Any CPU
		{7B897FEF-EF78-413B-80DF-2A3E5F2F1399}.Debug|Any CPU.Build.0 = Debug|Any CPU
		{7B897FEF-EF78-413B-80DF-2A3E5F2F1399}.Release|Any CPU.ActiveCfg = Release|Any CPU
		{7B897FEF-EF78-413B-80DF-2A3E5F2F1399}.Release|Any CPU.Build.0 = Release|Any CPU
		{8A330108-847C-442E-BB3F-D433894F391A}.Debug|Any CPU.ActiveCfg = Debug|Any CPU
		{8A330108-847C-442E-BB3F-D433894F391A}.Debug|Any CPU.Build.0 = Debug|Any CPU
		{8A330108-847C-442E-BB3F-D433894F391A}.Release|Any CPU.ActiveCfg = Release|Any CPU
		{8A330108-847C-442E-BB3F-D433894F391A}.Release|Any CPU.Build.0 = Release|Any CPU
	EndGlobalSection
	GlobalSection(SolutionProperties) = preSolution
		HideSolutionNode = FALSE
	EndGlobalSection
EndGlobal
