
Microsoft Visual Studio Solution File, Format Version 12.00
# Visual Studio 2012
Project("{FAE04EC0-301F-11D3-BF4B-00C04F79EFBC}") = "Cap17ReflecAtribDynamic", "Cap17ReflecAtribDynamic\Cap17ReflecAtribDynamic.csproj", "{5F541D0E-C7F3-4DC2-8C28-26B614170E28}"
EndProject
Project("{FAE04EC0-301F-11D3-BF4B-00C04F79EFBC}") = "ReflecAtrib,DynamicTest", "ReflecAtrib,DynamicTest\ReflecAtrib,DynamicTest.csproj", "{38BCAD2A-5A6A-4724-BBC4-5363DA8904BF}"
EndProject
Global
	GlobalSection(SolutionConfigurationPlatforms) = preSolution
		Debug|Any CPU = Debug|Any CPU
		Release|Any CPU = Release|Any CPU
	EndGlobalSection
	GlobalSection(ProjectConfigurationPlatforms) = postSolution
		{5F541D0E-C7F3-4DC2-8C28-26B614170E28}.Debug|Any CPU.ActiveCfg = Debug|Any CPU
		{5F541D0E-C7F3-4DC2-8C28-26B614170E28}.Debug|Any CPU.Build.0 = Debug|Any CPU
		{5F541D0E-C7F3-4DC2-8C28-26B614170E28}.Release|Any CPU.ActiveCfg = Release|Any CPU
		{5F541D0E-C7F3-4DC2-8C28-26B614170E28}.Release|Any CPU.Build.0 = Release|Any CPU
		{38BCAD2A-5A6A-4724-BBC4-5363DA8904BF}.Debug|Any CPU.ActiveCfg = Debug|Any CPU
		{38BCAD2A-5A6A-4724-BBC4-5363DA8904BF}.Debug|Any CPU.Build.0 = Debug|Any CPU
		{38BCAD2A-5A6A-4724-BBC4-5363DA8904BF}.Release|Any CPU.ActiveCfg = Release|Any CPU
		{38BCAD2A-5A6A-4724-BBC4-5363DA8904BF}.Release|Any CPU.Build.0 = Release|Any CPU
	EndGlobalSection
	GlobalSection(SolutionProperties) = preSolution
		HideSolutionNode = FALSE
	EndGlobalSection
EndGlobal
