
Microsoft Visual Studio Solution File, Format Version 12.00
# Visual Studio 2012
Project("{FAE04EC0-301F-11D3-BF4B-00C04F79EFBC}") = "Cap13Events", "Cap13Events\Cap13Events.csproj", "{D2B02606-D487-4A59-8038-85C51E0C4344}"
EndProject
Project("{FAE04EC0-301F-11D3-BF4B-00C04F79EFBC}") = "Cap13EventsTest", "Cap13EventsTest\Cap13EventsTest.csproj", "{20D936F3-4CC8-4BC2-BE5F-50452ACEE77C}"
EndProject
Global
	GlobalSection(SolutionConfigurationPlatforms) = preSolution
		Debug|Any CPU = Debug|Any CPU
		Release|Any CPU = Release|Any CPU
	EndGlobalSection
	GlobalSection(ProjectConfigurationPlatforms) = postSolution
		{D2B02606-D487-4A59-8038-85C51E0C4344}.Debug|Any CPU.ActiveCfg = Debug|Any CPU
		{D2B02606-D487-4A59-8038-85C51E0C4344}.Debug|Any CPU.Build.0 = Debug|Any CPU
		{D2B02606-D487-4A59-8038-85C51E0C4344}.Release|Any CPU.ActiveCfg = Release|Any CPU
		{D2B02606-D487-4A59-8038-85C51E0C4344}.Release|Any CPU.Build.0 = Release|Any CPU
		{20D936F3-4CC8-4BC2-BE5F-50452ACEE77C}.Debug|Any CPU.ActiveCfg = Debug|Any CPU
		{20D936F3-4CC8-4BC2-BE5F-50452ACEE77C}.Debug|Any CPU.Build.0 = Debug|Any CPU
		{20D936F3-4CC8-4BC2-BE5F-50452ACEE77C}.Release|Any CPU.ActiveCfg = Release|Any CPU
		{20D936F3-4CC8-4BC2-BE5F-50452ACEE77C}.Release|Any CPU.Build.0 = Release|Any CPU
	EndGlobalSection
	GlobalSection(SolutionProperties) = preSolution
		HideSolutionNode = FALSE
	EndGlobalSection
EndGlobal
